{
  "version": "3",
  "packages": {
    "specifiers": {
      "jsr:@oak/commons@0.11": "jsr:@oak/commons@0.11.0",
      "jsr:@oak/oak@16": "jsr:@oak/oak@16.1.0",
      "jsr:@std/assert@0.223": "jsr:@std/assert@0.223.0",
      "jsr:@std/assert@0.226": "jsr:@std/assert@0.226.0",
      "jsr:@std/assert@^0.223.0": "jsr:@std/assert@0.223.0",
      "jsr:@std/assert@^0.224.0": "jsr:@std/assert@0.224.0",
      "jsr:@std/bytes@0.223": "jsr:@std/bytes@0.223.0",
      "jsr:@std/bytes@0.224": "jsr:@std/bytes@0.224.0",
      "jsr:@std/bytes@^0.223.0": "jsr:@std/bytes@0.223.0",
      "jsr:@std/crypto@0.223": "jsr:@std/crypto@0.223.0",
      "jsr:@std/crypto@0.224": "jsr:@std/crypto@0.224.0",
      "jsr:@std/encoding@1.0.0-rc.2": "jsr:@std/encoding@1.0.0-rc.2",
      "jsr:@std/encoding@^0.223.0": "jsr:@std/encoding@0.223.0",
      "jsr:@std/fmt@^1.0.0-rc.1": "jsr:@std/fmt@1.0.0-rc.1",
      "jsr:@std/fs@^1.0.0-rc.5": "jsr:@std/fs@1.0.0-rc.6",
      "jsr:@std/http@0": "jsr:@std/http@0.224.5",
      "jsr:@std/http@0.223": "jsr:@std/http@0.223.0",
      "jsr:@std/http@0.224": "jsr:@std/http@0.224.5",
      "jsr:@std/io@0.223": "jsr:@std/io@0.223.0",
      "jsr:@std/io@^0.224.3": "jsr:@std/io@0.224.3",
      "jsr:@std/log@0": "jsr:@std/log@0.224.5",
      "jsr:@std/media-types@0.223": "jsr:@std/media-types@0.223.0",
      "jsr:@std/media-types@0.224": "jsr:@std/media-types@0.224.1",
      "jsr:@std/path@0.223": "jsr:@std/path@0.223.0",
      "jsr:@std/path@1": "jsr:@std/path@1.0.1",
      "jsr:@udibo/http-error@0": "jsr:@udibo/http-error@0.8.1",
      "npm:@testing-library/react@16": "npm:@testing-library/react@16.0.0_@testing-library+dom@10.4.0_@types+react@18.3.3_react@18.3.1_react-dom@18.3.1__react@18.3.1",
      "npm:@types/react@18": "npm:@types/react@18.3.3",
      "npm:path-to-regexp@6.2.1": "npm:path-to-regexp@6.2.1",
      "npm:react-dom@18": "npm:react-dom@18.3.1_react@18.3.1",
      "npm:react-dom@18.3.1": "npm:react-dom@18.3.1_react@18.3.1",
      "npm:react-error-boundary@4": "npm:react-error-boundary@4.0.13_react@18.3.1",
      "npm:react-error-boundary@4.0.13": "npm:react-error-boundary@4.0.13_react@18.3.1",
      "npm:react-helmet-async@2": "npm:react-helmet-async@2.0.5_react@18.3.1",
      "npm:react-router-dom@6": "npm:react-router-dom@6.24.0_react@18.3.1_react-dom@18.3.1__react@18.3.1",
      "npm:react-router-dom@6.24.0": "npm:react-router-dom@6.24.0_react@18.3.1_react-dom@18.3.1__react@18.3.1",
      "npm:react@18": "npm:react@18.3.1",
      "npm:react@18.3.1": "npm:react@18.3.1",
      "npm:serialize-javascript@6": "npm:serialize-javascript@6.0.2"
    },
    "jsr": {
      "@oak/commons@0.11.0": {
        "integrity": "07702bfe5c07cd8144c422022994da1f9fea466b185824f4be63a2b1b1a65125",
        "dependencies": [
          "jsr:@std/assert@0.226",
          "jsr:@std/bytes@0.224",
          "jsr:@std/crypto@0.224",
          "jsr:@std/http@0.224",
          "jsr:@std/media-types@0.224"
        ]
      },
      "@oak/oak@16.1.0": {
        "integrity": "ab21506555fffeb08dc8f45ff5d28607e8087949ff58bd2964b27df65994480b",
        "dependencies": [
          "jsr:@oak/commons@0.11",
          "jsr:@std/assert@0.223",
          "jsr:@std/bytes@0.223",
          "jsr:@std/crypto@0.223",
          "jsr:@std/http@0.223",
          "jsr:@std/io@0.223",
          "jsr:@std/media-types@0.223",
          "jsr:@std/path@0.223",
          "npm:path-to-regexp@6.2.1"
        ]
      },
      "@std/assert@0.223.0": {
        "integrity": "eb8d6d879d76e1cc431205bd346ed4d88dc051c6366365b1af47034b0670be24"
      },
      "@std/assert@0.224.0": {
        "integrity": "8643233ec7aec38a940a8264a6e3eed9bfa44e7a71cc6b3c8874213ff401967f"
      },
      "@std/assert@0.226.0": {
        "integrity": "0dfb5f7c7723c18cec118e080fec76ce15b4c31154b15ad2bd74822603ef75b3"
      },
      "@std/bytes@0.223.0": {
        "integrity": "84b75052cd8680942c397c2631318772b295019098f40aac5c36cead4cba51a8"
      },
      "@std/bytes@0.224.0": {
        "integrity": "a2250e1d0eb7d1c5a426f21267ab9bdeac2447fa87a3d0d1a467d3f7a6058e49"
      },
      "@std/crypto@0.223.0": {
        "integrity": "1aa9555ff56b09e197ad988ea200f84bc6781fd4fd83f3a156ee44449af93000",
        "dependencies": [
          "jsr:@std/assert@^0.223.0",
          "jsr:@std/encoding@^0.223.0"
        ]
      },
      "@std/crypto@0.224.0": {
        "integrity": "154ef3ff08ef535562ef1a718718c5b2c5fc3808f0f9100daad69e829bfcdf2d",
        "dependencies": [
          "jsr:@std/assert@^0.224.0"
        ]
      },
      "@std/encoding@0.223.0": {
        "integrity": "2b5615a75e00337ce113f34cf2f9b8c18182c751a8dcc8b1a2c2fc0e117bef00"
      },
      "@std/encoding@1.0.0-rc.2": {
        "integrity": "160d7674a20ebfbccdf610b3801fee91cf6e42d1c106dd46bbaf46e395cd35ef"
      },
      "@std/fmt@1.0.0-rc.1": {
        "integrity": "3dbbd12f1704c62b5bd33c9ff928c8df47cd5c75f6637201a8c21298b28e43bc"
      },
      "@std/fs@1.0.0-rc.6": {
        "integrity": "289d4844694b016b15a3d9e7559f5a7ad47c8a5ef83e612a35629ae217f6ebf6"
      },
      "@std/http@0.223.0": {
        "integrity": "15ab8a0c5a7e9d5be017a15b01600f20f66602ceec48b378939fa24fcec522aa",
        "dependencies": [
          "jsr:@std/assert@^0.223.0",
          "jsr:@std/encoding@^0.223.0"
        ]
      },
      "@std/http@0.224.5": {
        "integrity": "b03b5d1529f6c423badfb82f6640f9f2557b4034cd7c30655ba5bb447ff750a4",
        "dependencies": [
          "jsr:@std/encoding@1.0.0-rc.2"
        ]
      },
      "@std/io@0.223.0": {
        "integrity": "2d8c3c2ab3a515619b90da2c6ff5ea7b75a94383259ef4d02116b228393f84f1",
        "dependencies": [
          "jsr:@std/bytes@^0.223.0"
        ]
      },
      "@std/io@0.224.3": {
        "integrity": "b402edeb99c6b3778d9ae3e9927bc9085b170b41e5a09bbb7064ab2ee394ae2f"
      },
      "@std/log@0.224.5": {
        "integrity": "4612a45189438441bbd923a4cad1cce5c44c6c4a039195a3e8d831ce38894eee",
        "dependencies": [
          "jsr:@std/fmt@^1.0.0-rc.1",
          "jsr:@std/fs@^1.0.0-rc.5",
          "jsr:@std/io@^0.224.3"
        ]
      },
      "@std/media-types@0.223.0": {
        "integrity": "84684680c2eb6bc6d9369c6d6f26a49decaf2c7603ff531862dda575d9d6776e"
      },
      "@std/media-types@0.224.1": {
        "integrity": "9e69a5daed37c5b5c6d3ce4731dc191f80e67f79bed392b0957d1d03b87f11e1"
      },
      "@std/path@0.223.0": {
        "integrity": "593963402d7e6597f5a6e620931661053572c982fc014000459edc1f93cc3989",
        "dependencies": [
          "jsr:@std/assert@^0.223.0"
        ]
      },
      "@std/path@1.0.1": {
        "integrity": "e061ff02c28481ca49e3a14981875c345e9fc7e973190672782cd0ac8af70428"
      },
      "@udibo/http-error@0.8.1": {
        "integrity": "64335fa00fff2fb41aef18b046926d6ba965c55f16d9bfe7e25ac338ae4e0713",
        "dependencies": [
          "jsr:@std/http@0"
        ]
      }
    },
    "npm": {
      "@babel/code-frame@7.24.7": {
        "integrity": "sha512-BcYH1CVJBO9tvyIZ2jVeXgSIMvGZ2FDRvDdOIVQyuklNKSsx+eppDEBq/g47Ayw+RqNFE+URvOShmf+f/qwAlA==",
        "dependencies": {
          "@babel/highlight": "@babel/highlight@7.24.7",
          "picocolors": "picocolors@1.0.1"
        }
      },
      "@babel/helper-validator-identifier@7.24.7": {
        "integrity": "sha512-rR+PBcQ1SMQDDyF6X0wxtG8QyLCgUB0eRAGguqRLfkCA87l7yAP7ehq8SNj96OOGTO8OBV70KhuFYcIkHXOg0w==",
        "dependencies": {}
      },
      "@babel/highlight@7.24.7": {
        "integrity": "sha512-EStJpq4OuY8xYfhGVXngigBJRWxftKX9ksiGDnmlY3o7B/V7KIAc9X4oiK87uPJSc/vs5L869bem5fhZa8caZw==",
        "dependencies": {
          "@babel/helper-validator-identifier": "@babel/helper-validator-identifier@7.24.7",
          "chalk": "chalk@2.4.2",
          "js-tokens": "js-tokens@4.0.0",
          "picocolors": "picocolors@1.0.1"
        }
      },
      "@babel/runtime@7.24.7": {
        "integrity": "sha512-UwgBRMjJP+xv857DCngvqXI3Iq6J4v0wXmwc6sapg+zyhbwmQX67LUEFrkK5tbyJ30jGuG3ZvWpBiB9LCy1kWw==",
        "dependencies": {
          "regenerator-runtime": "regenerator-runtime@0.14.1"
        }
      },
      "@remix-run/router@1.17.0": {
        "integrity": "sha512-2D6XaHEVvkCn682XBnipbJjgZUU7xjLtA4dGJRBVUKpEaDYOZMENZoZjAOSb7qirxt5RupjzZxz4fK2FO+EFPw==",
        "dependencies": {}
      },
      "@testing-library/dom@10.4.0": {
        "integrity": "sha512-pemlzrSESWbdAloYml3bAJMEfNh1Z7EduzqPKprCH5S341frlpYnUEW0H72dLxa6IsYr+mPno20GiSm+h9dEdQ==",
        "dependencies": {
          "@babel/code-frame": "@babel/code-frame@7.24.7",
          "@babel/runtime": "@babel/runtime@7.24.7",
          "@types/aria-query": "@types/aria-query@5.0.4",
          "aria-query": "aria-query@5.3.0",
          "chalk": "chalk@4.1.2",
          "dom-accessibility-api": "dom-accessibility-api@0.5.16",
          "lz-string": "lz-string@1.5.0",
          "pretty-format": "pretty-format@27.5.1"
        }
      },
      "@testing-library/react@16.0.0_@testing-library+dom@10.4.0_@types+react@18.3.3_react@18.3.1_react-dom@18.3.1__react@18.3.1": {
        "integrity": "sha512-guuxUKRWQ+FgNX0h0NS0FIq3Q3uLtWVpBzcLOggmfMoUpgBnzBzvLLd4fbm6yS8ydJd94cIfY4yP9qUQjM2KwQ==",
        "dependencies": {
          "@babel/runtime": "@babel/runtime@7.24.7",
          "@testing-library/dom": "@testing-library/dom@10.4.0",
          "@types/react": "@types/react@18.3.3",
          "react": "react@18.3.1",
          "react-dom": "react-dom@18.3.1_react@18.3.1"
        }
      },
      "@types/aria-query@5.0.4": {
        "integrity": "sha512-rfT93uj5s0PRL7EzccGMs3brplhcrghnDoV26NqKhCAS1hVo+WdNsPvE/yb6ilfr5hi2MEk6d5EWJTKdxg8jVw==",
        "dependencies": {}
      },
      "@types/prop-types@15.7.12": {
        "integrity": "sha512-5zvhXYtRNRluoE/jAp4GVsSduVUzNWKkOZrCDBWYtE7biZywwdC2AcEzg+cSMLFRfVgeAFqpfNabiPjxFddV1Q==",
        "dependencies": {}
      },
      "@types/react@18.3.3": {
        "integrity": "sha512-hti/R0pS0q1/xx+TsI73XIqk26eBsISZ2R0wUijXIngRK9R/e7Xw/cXVxQK7R5JjW+SV4zGcn5hXjudkN/pLIw==",
        "dependencies": {
          "@types/prop-types": "@types/prop-types@15.7.12",
          "csstype": "csstype@3.1.3"
        }
      },
      "ansi-regex@5.0.1": {
        "integrity": "sha512-quJQXlTSUGL2LH9SUXo8VwsY4soanhgo6LNSm84E1LBcE8s3O0wpdiRzyR9z/ZZJMlMWv37qOOb9pdJlMUEKFQ==",
        "dependencies": {}
      },
      "ansi-styles@3.2.1": {
        "integrity": "sha512-VT0ZI6kZRdTh8YyJw3SMbYm/u+NqfsAxEpWO0Pf9sq8/e94WxxOpPKx9FR1FlyCtOVDNOQ+8ntlqFxiRc+r5qA==",
        "dependencies": {
          "color-convert": "color-convert@1.9.3"
        }
      },
      "ansi-styles@4.3.0": {
        "integrity": "sha512-zbB9rCJAT1rbjiVDb2hqKFHNYLxgtk8NURxZ3IZwD3F6NtxbXZQCnnSi1Lkx+IDohdPlFp222wVALIheZJQSEg==",
        "dependencies": {
          "color-convert": "color-convert@2.0.1"
        }
      },
      "ansi-styles@5.2.0": {
        "integrity": "sha512-Cxwpt2SfTzTtXcfOlzGEee8O+c+MmUgGrNiBcXnuWxuFJHe6a5Hz7qwhwe5OgaSYI0IJvkLqWX1ASG+cJOkEiA==",
        "dependencies": {}
      },
      "aria-query@5.3.0": {
        "integrity": "sha512-b0P0sZPKtyu8HkeRAfCq0IfURZK+SuwMjY1UXGBU27wpAiTwQAIlq56IbIO+ytk/JjS1fMR14ee5WBBfKi5J6A==",
        "dependencies": {
          "dequal": "dequal@2.0.3"
        }
      },
      "chalk@2.4.2": {
        "integrity": "sha512-Mti+f9lpJNcwF4tWV8/OrTTtF1gZi+f8FqlyAdouralcFWFQWF2+NgCHShjkCb+IFBLq9buZwE1xckQU4peSuQ==",
        "dependencies": {
          "ansi-styles": "ansi-styles@3.2.1",
          "escape-string-regexp": "escape-string-regexp@1.0.5",
          "supports-color": "supports-color@5.5.0"
        }
      },
      "chalk@4.1.2": {
        "integrity": "sha512-oKnbhFyRIXpUuez8iBMmyEa4nbj4IOQyuhc/wy9kY7/WVPcwIO9VA668Pu8RkO7+0G76SLROeyw9CpQ061i4mA==",
        "dependencies": {
          "ansi-styles": "ansi-styles@4.3.0",
          "supports-color": "supports-color@7.2.0"
        }
      },
      "color-convert@1.9.3": {
        "integrity": "sha512-QfAUtd+vFdAtFQcC8CCyYt1fYWxSqAiK2cSD6zDB8N3cpsEBAvRxp9zOGg6G/SHHJYAT88/az/IuDGALsNVbGg==",
        "dependencies": {
          "color-name": "color-name@1.1.3"
        }
      },
      "color-convert@2.0.1": {
        "integrity": "sha512-RRECPsj7iu/xb5oKYcsFHSppFNnsj/52OVTRKb4zP5onXwVF3zVmmToNcOfGC+CRDpfK/U584fMg38ZHCaElKQ==",
        "dependencies": {
          "color-name": "color-name@1.1.4"
        }
      },
      "color-name@1.1.3": {
        "integrity": "sha512-72fSenhMw2HZMTVHeCA9KCmpEIbzWiQsjN+BHcBbS9vr1mtt+vJjPdksIBNUmKAW8TFUDPJK5SUU3QhE9NEXDw==",
        "dependencies": {}
      },
      "color-name@1.1.4": {
        "integrity": "sha512-dOy+3AuW3a2wNbZHIuMZpTcgjGuLU/uBL/ubcZF9OXbDo8ff4O8yVp5Bf0efS8uEoYo5q4Fx7dY9OgQGXgAsQA==",
        "dependencies": {}
      },
      "csstype@3.1.3": {
        "integrity": "sha512-M1uQkMl8rQK/szD0LNhtqxIPLpimGm8sOBwU7lLnCpSbTyY3yeU1Vc7l4KT5zT4s/yOxHH5O7tIuuLOCnLADRw==",
        "dependencies": {}
      },
      "dequal@2.0.3": {
        "integrity": "sha512-0je+qPKHEMohvfRTCEo3CrPG6cAzAYgmzKyxRiYSSDkS6eGJdyVJm7WaYA5ECaAD9wLB2T4EEeymA5aFVcYXCA==",
        "dependencies": {}
      },
      "dom-accessibility-api@0.5.16": {
        "integrity": "sha512-X7BJ2yElsnOJ30pZF4uIIDfBEVgF4XEBxL9Bxhy6dnrm5hkzqmsWHGTiHqRiITNhMyFLyAiWndIJP7Z1NTteDg==",
        "dependencies": {}
      },
      "escape-string-regexp@1.0.5": {
        "integrity": "sha512-vbRorB5FUQWvla16U8R/qgaFIya2qGzwDrNmCZuYKrbdSUMG6I1ZCGQRefkRVhuOkIGVne7BQ35DSfo1qvJqFg==",
        "dependencies": {}
      },
      "has-flag@3.0.0": {
        "integrity": "sha512-sKJf1+ceQBr4SMkvQnBDNDtf4TXpVhVGateu0t918bl30FnbE2m4vNLX+VWe/dpjlb+HugGYzW7uQXH98HPEYw==",
        "dependencies": {}
      },
      "has-flag@4.0.0": {
        "integrity": "sha512-EykJT/Q1KjTWctppgIAgfSO0tKVuZUjhgMr17kqTumMl6Afv3EISleU7qZUzoXDFTAHTDC4NOoG/ZxU3EvlMPQ==",
        "dependencies": {}
      },
      "invariant@2.2.4": {
        "integrity": "sha512-phJfQVBuaJM5raOpJjSfkiD6BpbCE4Ns//LaXl6wGYtUBY83nWS6Rf9tXm2e8VaK60JEjYldbPif/A2B1C2gNA==",
        "dependencies": {
          "loose-envify": "loose-envify@1.4.0"
        }
      },
      "js-tokens@4.0.0": {
        "integrity": "sha512-RdJUflcE3cUzKiMqQgsCu06FPu9UdIJO0beYbPhHN4k6apgJtifcoCtT9bcxOpYBtpD2kCM6Sbzg4CausW/PKQ==",
        "dependencies": {}
      },
      "loose-envify@1.4.0": {
        "integrity": "sha512-lyuxPGr/Wfhrlem2CL/UcnUc1zcqKAImBDzukY7Y5F/yQiNdko6+fRLevlw1HgMySw7f611UIY408EtxRSoK3Q==",
        "dependencies": {
          "js-tokens": "js-tokens@4.0.0"
        }
      },
      "lz-string@1.5.0": {
        "integrity": "sha512-h5bgJWpxJNswbU7qCrV0tIKQCaS3blPDrqKWx+QxzuzL1zGUzij9XCWLrSLsJPu5t+eWA/ycetzYAO5IOMcWAQ==",
        "dependencies": {}
      },
      "path-to-regexp@6.2.1": {
        "integrity": "sha512-JLyh7xT1kizaEvcaXOQwOc2/Yhw6KZOvPf1S8401UyLk86CU79LN3vl7ztXGm/pZ+YjoyAJ4rxmHwbkBXJX+yw==",
        "dependencies": {}
      },
      "picocolors@1.0.1": {
        "integrity": "sha512-anP1Z8qwhkbmu7MFP5iTt+wQKXgwzf7zTyGlcdzabySa9vd0Xt392U0rVmz9poOaBj0uHJKyyo9/upk0HrEQew==",
        "dependencies": {}
      },
      "pretty-format@27.5.1": {
        "integrity": "sha512-Qb1gy5OrP5+zDf2Bvnzdl3jsTf1qXVMazbvCoKhtKqVs4/YK4ozX4gKQJJVyNe+cajNPn0KoC0MC3FUmaHWEmQ==",
        "dependencies": {
          "ansi-regex": "ansi-regex@5.0.1",
          "ansi-styles": "ansi-styles@5.2.0",
          "react-is": "react-is@17.0.2"
        }
      },
      "randombytes@2.1.0": {
        "integrity": "sha512-vYl3iOX+4CKUWuxGi9Ukhie6fsqXqS9FE2Zaic4tNFD2N2QQaXOMFbuKK4QmDHC0JO6B1Zp41J0LpT0oR68amQ==",
        "dependencies": {
          "safe-buffer": "safe-buffer@5.2.1"
        }
      },
      "react-dom@18.3.1_react@18.3.1": {
        "integrity": "sha512-5m4nQKp+rZRb09LNH59GM4BxTh9251/ylbKIbpe7TpGxfJ+9kv6BLkLBXIjjspbgbnIBNqlI23tRnTWT0snUIw==",
        "dependencies": {
          "loose-envify": "loose-envify@1.4.0",
          "react": "react@18.3.1",
          "scheduler": "scheduler@0.23.2"
        }
      },
      "react-error-boundary@4.0.13_react@18.3.1": {
        "integrity": "sha512-b6PwbdSv8XeOSYvjt8LpgpKrZ0yGdtZokYwkwV2wlcZbxgopHX/hgPl5VgpnoVOWd868n1hktM8Qm4b+02MiLQ==",
        "dependencies": {
          "@babel/runtime": "@babel/runtime@7.24.7",
          "react": "react@18.3.1"
        }
      },
      "react-fast-compare@3.2.2": {
        "integrity": "sha512-nsO+KSNgo1SbJqJEYRE9ERzo7YtYbou/OqjSQKxV7jcKox7+usiUVZOAC+XnDOABXggQTno0Y1CpVnuWEc1boQ==",
        "dependencies": {}
      },
      "react-helmet-async@2.0.5_react@18.3.1": {
        "integrity": "sha512-rYUYHeus+i27MvFE+Jaa4WsyBKGkL6qVgbJvSBoX8mbsWoABJXdEO0bZyi0F6i+4f0NuIb8AvqPMj3iXFHkMwg==",
        "dependencies": {
          "invariant": "invariant@2.2.4",
          "react": "react@18.3.1",
          "react-fast-compare": "react-fast-compare@3.2.2",
          "shallowequal": "shallowequal@1.1.0"
        }
      },
      "react-is@17.0.2": {
        "integrity": "sha512-w2GsyukL62IJnlaff/nRegPQR94C/XXamvMWmSHRJ4y7Ts/4ocGRmTHvOs8PSE6pB3dWOrD/nueuU5sduBsQ4w==",
        "dependencies": {}
      },
      "react-router-dom@6.24.0_react@18.3.1_react-dom@18.3.1__react@18.3.1": {
        "integrity": "sha512-960sKuau6/yEwS8e+NVEidYQb1hNjAYM327gjEyXlc6r3Skf2vtwuJ2l7lssdegD2YjoKG5l8MsVyeTDlVeY8g==",
        "dependencies": {
          "@remix-run/router": "@remix-run/router@1.17.0",
          "react": "react@18.3.1",
          "react-dom": "react-dom@18.3.1_react@18.3.1",
          "react-router": "react-router@6.24.0_react@18.3.1"
        }
      },
      "react-router@6.24.0_react@18.3.1": {
        "integrity": "sha512-sQrgJ5bXk7vbcC4BxQxeNa5UmboFm35we1AFK0VvQaz9g0LzxEIuLOhHIoZ8rnu9BO21ishGeL9no1WB76W/eg==",
        "dependencies": {
          "@remix-run/router": "@remix-run/router@1.17.0",
          "react": "react@18.3.1"
        }
      },
      "react@18.3.1": {
        "integrity": "sha512-wS+hAgJShR0KhEvPJArfuPVN1+Hz1t0Y6n5jLrGQbkb4urgPE/0Rve+1kMB1v/oWgHgm4WIcV+i7F2pTVj+2iQ==",
        "dependencies": {
          "loose-envify": "loose-envify@1.4.0"
        }
      },
      "regenerator-runtime@0.14.1": {
        "integrity": "sha512-dYnhHh0nJoMfnkZs6GmmhFknAGRrLznOu5nc9ML+EJxGvrx6H7teuevqVqCuPcPK//3eDrrjQhehXVx9cnkGdw==",
        "dependencies": {}
      },
      "safe-buffer@5.2.1": {
        "integrity": "sha512-rp3So07KcdmmKbGvgaNxQSJr7bGVSVk5S9Eq1F+ppbRo70+YeaDxkw5Dd8NPN+GD6bjnYm2VuPuCXmpuYvmCXQ==",
        "dependencies": {}
      },
      "scheduler@0.23.2": {
        "integrity": "sha512-UOShsPwz7NrMUqhR6t0hWjFduvOzbtv7toDH1/hIrfRNIDBnnBWd0CwJTGvTpngVlmwGCdP9/Zl/tVrDqcuYzQ==",
        "dependencies": {
          "loose-envify": "loose-envify@1.4.0"
        }
      },
      "serialize-javascript@6.0.2": {
        "integrity": "sha512-Saa1xPByTTq2gdeFZYLLo+RFE35NHZkAbqZeWNd3BpzppeVisAqpDjcp8dyf6uIvEqJRd46jemmyA4iFIeVk8g==",
        "dependencies": {
          "randombytes": "randombytes@2.1.0"
        }
      },
      "shallowequal@1.1.0": {
        "integrity": "sha512-y0m1JoUZSlPAjXVtPPW70aZWfIL/dSP7AFkRnniLCrK/8MDKog3TySTBmckD+RObVxH0v4Tox67+F14PdED2oQ==",
        "dependencies": {}
      },
      "supports-color@5.5.0": {
        "integrity": "sha512-QjVjwdXIt408MIiAqCX4oUKsgU2EqAGzs2Ppkm4aQYbjm+ZEWEcW4SfFNTr4uMNZma0ey4f5lgLrkB0aX0QMow==",
        "dependencies": {
          "has-flag": "has-flag@3.0.0"
        }
      },
      "supports-color@7.2.0": {
        "integrity": "sha512-qpCAvRl9stuOHveKsn7HncJRvv501qIacKzQlO/+Lwxc9+0q2wLyv4Dfvt80/DPn2pqOBsJdDiogXGR9+OvwRw==",
        "dependencies": {
          "has-flag": "has-flag@4.0.0"
        }
      }
    }
  },
  "remote": {},
  "workspace": {
    "dependencies": [
      "jsr:@luca/esbuild-deno-loader@0.10",
      "jsr:@oak/oak@16",
      "jsr:@std/assert@1",
      "jsr:@std/async@1",
      "jsr:@std/fs@0",
      "jsr:@std/log@0",
      "jsr:@std/path@1",
      "jsr:@std/testing@0",
      "jsr:@udibo/http-error@0",
      "npm:@testing-library/react@16",
      "npm:@types/react@18",
      "npm:esbuild@0.20",
      "npm:global-jsdom@24",
      "npm:react-dom@18",
      "npm:react-error-boundary@4",
      "npm:react-helmet-async@2",
      "npm:react-router-dom@6",
      "npm:react@18",
      "npm:serialize-javascript@6"
    ]
  }
}
