{
  "version": "2",
  "remote": {
    "https://deno.land/std@0.132.0/http/http_status.ts": "71838ad33cb03ff2575f5e8fdea5f930979cdff8a81c11ade497f11d4c026019",
    "https://deno.land/std@0.152.0/_util/assert.ts": "e94f2eb37cebd7f199952e242c77654e43333c1ac4c5c700e929ea3aa5489f74",
    "https://deno.land/std@0.152.0/_util/os.ts": "3b4c6e27febd119d36a416d7a97bd3b0251b77c88942c8f16ee5953ea13e2e49",
    "https://deno.land/std@0.152.0/async/deferred.ts": "bc18e28108252c9f67dfca2bbc4587c3cbf3aeb6e155f8c864ca8ecff992b98a",
    "https://deno.land/std@0.152.0/bytes/bytes_list.ts": "aba5e2369e77d426b10af1de0dcc4531acecec27f9b9056f4f7bfbf8ac147ab4",
    "https://deno.land/std@0.152.0/bytes/equals.ts": "3c3558c3ae85526f84510aa2b48ab2ad7bdd899e2e0f5b7a8ffc85acb3a6043a",
    "https://deno.land/std@0.152.0/bytes/mod.ts": "763f97d33051cc3f28af1a688dfe2830841192a9fea0cbaa55f927b49d49d0bf",
    "https://deno.land/std@0.152.0/crypto/timing_safe_equal.ts": "82a29b737bc8932d75d7a20c404136089d5d23629e94ba14efa98a8cc066c73e",
    "https://deno.land/std@0.152.0/encoding/base64.ts": "c57868ca7fa2fbe919f57f88a623ad34e3d970d675bdc1ff3a9d02bba7409db2",
    "https://deno.land/std@0.152.0/fmt/colors.ts": "6f9340b7fb8cc25a993a99e5efc56fe81bb5af284ff412129dd06df06f53c0b4",
    "https://deno.land/std@0.152.0/http/_negotiation/common.ts": "410e902f01cdd324e4746e8017595be4fc357d6fc4cd6044f2f808a943d7eaf7",
    "https://deno.land/std@0.152.0/http/_negotiation/encoding.ts": "f749c1d539d139af783e8a7741de5a47a98a5e3c9af82b8af512567ccf5fe632",
    "https://deno.land/std@0.152.0/http/_negotiation/language.ts": "53c306186904d2dace4c624a8822542866ad332a7f40ac90e0af1504f95c63d0",
    "https://deno.land/std@0.152.0/http/_negotiation/media_type.ts": "ecdda87286495f7ff25116858f5088856953e2f1585e593d314e0c71b826a137",
    "https://deno.land/std@0.152.0/http/http_errors.ts": "fe9b7f95f7ee0592c3306f8c7aed03ba53d55d1ef81e00041c1171b9588f46d9",
    "https://deno.land/std@0.152.0/http/http_status.ts": "897575a7d6bc2b9123f6a38ecbc0f03d95a532c5d92029315dc9f508e12526b8",
    "https://deno.land/std@0.152.0/http/negotiation.ts": "f35b1ff2ad4ff9feaa00ac234960b398172768205c8eceaef7f2eafe34716ba2",
    "https://deno.land/std@0.152.0/io/buffer.ts": "bd0c4bf53db4b4be916ca5963e454bddfd3fcd45039041ea161dbf826817822b",
    "https://deno.land/std@0.152.0/io/readers.ts": "45847ad404afd2f605eae1cff193f223462bc55eeb9ae313c2f3db28aada0fd6",
    "https://deno.land/std@0.152.0/io/types.d.ts": "0cae3a62da7a37043661746c65c021058bae020b54e50c0e774916e5d4baee43",
    "https://deno.land/std@0.152.0/media_types/_util.ts": "ce9b4fc4ba1c447dafab619055e20fd88236ca6bdd7834a21f98bd193c3fbfa1",
    "https://deno.land/std@0.152.0/media_types/mod.ts": "3829264ca0610cac40f3214f939d7733483523f82bc1041c51045d7c75fb93b8",
    "https://deno.land/std@0.152.0/media_types/vendor/mime-db.v1.52.0.ts": "724cee25fa40f1a52d3937d6b4fbbfdd7791ff55e1b7ac08d9319d5632c7f5af",
    "https://deno.land/std@0.152.0/path/_constants.ts": "df1db3ffa6dd6d1252cc9617e5d72165cd2483df90e93833e13580687b6083c3",
    "https://deno.land/std@0.152.0/path/_interface.ts": "ee3b431a336b80cf445441109d089b70d87d5e248f4f90ff906820889ecf8d09",
    "https://deno.land/std@0.152.0/path/_util.ts": "c1e9686d0164e29f7d880b2158971d805b6e0efc3110d0b3e24e4b8af2190d2b",
    "https://deno.land/std@0.152.0/path/common.ts": "bee563630abd2d97f99d83c96c2fa0cca7cee103e8cb4e7699ec4d5db7bd2633",
    "https://deno.land/std@0.152.0/path/glob.ts": "cb5255638de1048973c3e69e420c77dc04f75755524cb3b2e160fe9277d939ee",
    "https://deno.land/std@0.152.0/path/mod.ts": "56fec03ad0ebd61b6ab39ddb9b0ddb4c4a5c9f2f4f632e09dd37ec9ebfd722ac",
    "https://deno.land/std@0.152.0/path/posix.ts": "c1f7afe274290ea0b51da07ee205653b2964bd74909a82deb07b69a6cc383aaa",
    "https://deno.land/std@0.152.0/path/separator.ts": "fe1816cb765a8068afb3e8f13ad272351c85cbc739af56dacfc7d93d710fe0f9",
    "https://deno.land/std@0.152.0/path/win32.ts": "bd7549042e37879c68ff2f8576a25950abbfca1d696d41d82c7bca0b7e6f452c",
    "https://deno.land/std@0.152.0/streams/conversion.ts": "fc3db02026183da795fa32ac7549868e9f19c75ba029d4b4c3739af62b48517a",
    "https://deno.land/std@0.152.0/testing/_diff.ts": "029a00560b0d534bc0046f1bce4bd36b3b41ada3f2a3178c85686eb2ff5f1413",
    "https://deno.land/std@0.152.0/testing/_format.ts": "0d8dc79eab15b67cdc532826213bbe05bccfd276ca473a50a3fc7bbfb7260642",
    "https://deno.land/std@0.152.0/testing/asserts.ts": "093735c88f52bbead7f60a1f7a97a2ce4df3c2d5fab00a46956f20b4a5793ccd",
    "https://deno.land/std@0.156.0/_util/assert.ts": "e94f2eb37cebd7f199952e242c77654e43333c1ac4c5c700e929ea3aa5489f74",
    "https://deno.land/std@0.156.0/_util/os.ts": "3b4c6e27febd119d36a416d7a97bd3b0251b77c88942c8f16ee5953ea13e2e49",
    "https://deno.land/std@0.156.0/path/_constants.ts": "df1db3ffa6dd6d1252cc9617e5d72165cd2483df90e93833e13580687b6083c3",
    "https://deno.land/std@0.156.0/path/_interface.ts": "ee3b431a336b80cf445441109d089b70d87d5e248f4f90ff906820889ecf8d09",
    "https://deno.land/std@0.156.0/path/_util.ts": "d16be2a16e1204b65f9d0dfc54a9bc472cafe5f4a190b3c8471ec2016ccd1677",
    "https://deno.land/std@0.156.0/path/common.ts": "bee563630abd2d97f99d83c96c2fa0cca7cee103e8cb4e7699ec4d5db7bd2633",
    "https://deno.land/std@0.156.0/path/glob.ts": "cb5255638de1048973c3e69e420c77dc04f75755524cb3b2e160fe9277d939ee",
    "https://deno.land/std@0.156.0/path/mod.ts": "56fec03ad0ebd61b6ab39ddb9b0ddb4c4a5c9f2f4f632e09dd37ec9ebfd722ac",
    "https://deno.land/std@0.156.0/path/posix.ts": "c1f7afe274290ea0b51da07ee205653b2964bd74909a82deb07b69a6cc383aaa",
    "https://deno.land/std@0.156.0/path/separator.ts": "fe1816cb765a8068afb3e8f13ad272351c85cbc739af56dacfc7d93d710fe0f9",
    "https://deno.land/std@0.156.0/path/win32.ts": "bd7549042e37879c68ff2f8576a25950abbfca1d696d41d82c7bca0b7e6f452c",
    "https://deno.land/std@0.170.0/_util/asserts.ts": "d0844e9b62510f89ce1f9878b046f6a57bf88f208a10304aab50efcb48365272",
    "https://deno.land/std@0.170.0/_util/os.ts": "8a33345f74990e627b9dfe2de9b040004b08ea5146c7c9e8fe9a29070d193934",
    "https://deno.land/std@0.170.0/async/abortable.ts": "80b2ac399f142cc528f95a037a7d0e653296352d95c681e284533765961de409",
    "https://deno.land/std@0.170.0/async/deadline.ts": "2c2deb53c7c28ca1dda7a3ad81e70508b1ebc25db52559de6b8636c9278fd41f",
    "https://deno.land/std@0.170.0/async/debounce.ts": "60301ffb37e730cd2d6f9dadfd0ecb2a38857681bd7aaf6b0a106b06e5210a98",
    "https://deno.land/std@0.170.0/async/deferred.ts": "77d3f84255c3627f1cc88699d8472b664d7635990d5358c4351623e098e917d6",
    "https://deno.land/std@0.170.0/async/delay.ts": "5a9bfba8de38840308a7a33786a0155a7f6c1f7a859558ddcec5fe06e16daf57",
    "https://deno.land/std@0.170.0/async/mod.ts": "7809ad4bb223e40f5fdc043e5c7ca04e0e25eed35c32c3c32e28697c553fa6d9",
    "https://deno.land/std@0.170.0/async/mux_async_iterator.ts": "770a0ff26c59f8bbbda6b703a2235f04e379f73238e8d66a087edc68c2a2c35f",
    "https://deno.land/std@0.170.0/async/pool.ts": "6854d8cd675a74c73391c82005cbbe4cc58183bddcd1fbbd7c2bcda42b61cf69",
    "https://deno.land/std@0.170.0/async/retry.ts": "e8e5173623915bbc0ddc537698fa418cf875456c347eda1ed453528645b42e67",
    "https://deno.land/std@0.170.0/async/tee.ts": "3a47cc4e9a940904fd4341f0224907e199121c80b831faa5ec2b054c6d2eff5e",
    "https://deno.land/std@0.170.0/bytes/index_of_needle.ts": "19db73583cf6e038ca7763dd9fe9b9f2733ffa8be530d7b42f52bc9f3c2ee989",
    "https://deno.land/std@0.170.0/crypto/timing_safe_equal.ts": "3784958e40a5fe10429a68b75cc5f8d34356bf0bc2eb93c80c3033e2a6f17821",
    "https://deno.land/std@0.170.0/encoding/base64.ts": "8605e018e49211efc767686f6f687827d7f5fd5217163e981d8d693105640d7a",
    "https://deno.land/std@0.170.0/encoding/base64url.ts": "0283b12fcd306c11e3cf26fc022fecc800c6acc19704ea8bdb3908898fcd06d6",
    "https://deno.land/std@0.170.0/flags/mod.ts": "4f50ec6383c02684db35de38b3ffb2cd5b9fcfcc0b1147055d1980c49e82521c",
    "https://deno.land/std@0.170.0/fs/_util.ts": "fdc156f897197f261a1c096dcf8ff9267ed0ff42bd5b31f55053a4763a4bae3b",
    "https://deno.land/std@0.170.0/fs/walk.ts": "677eac2e5386217a7a4e7526769ae28b41ff4ae7a3cd0389f3aa4eb662545edd",
    "https://deno.land/std@0.170.0/node/_core.ts": "92e000441742387f7ded7cc582ca4089c0bc13aa5f00cecdfa4876dc832dfd10",
    "https://deno.land/std@0.170.0/node/_events.d.ts": "3899ee9c37055fbb750e32cb43d7c435077c04446af948300080e1a590c6edf0",
    "https://deno.land/std@0.170.0/node/_events.mjs": "303e8aa60ace559e4ca0d19e8475f87311bee9e8330b4b497644d70f2002fc27",
    "https://deno.land/std@0.170.0/node/_global.d.ts": "6dadaf8cec2a0c506b22170617286e0bdc80be53dd0673e67fc7dd37a1130c68",
    "https://deno.land/std@0.170.0/node/_next_tick.ts": "81c1826675493b76f90c646fb1274a4c84b5cc913a80ca4526c32cd7c46a0b06",
    "https://deno.land/std@0.170.0/node/_process/exiting.ts": "bc9694769139ffc596f962087155a8bfef10101d03423b9dcbc51ce6e1f88fce",
    "https://deno.land/std@0.170.0/node/_process/process.ts": "d5bf113a4b62f4abe4cb7ec5a9d00d44dac0ad9e82a23d00cc27d71e05ae8b66",
    "https://deno.land/std@0.170.0/node/_process/stdio.mjs": "971c3b086040d8521562155db13f22f9971d5c42c852b2081d4d2f0d8b6ab6bd",
    "https://deno.land/std@0.170.0/node/_process/streams.mjs": "3ce63d9eb24a8a8ec45eeebf5c184b43d888064f663f87e8f453888368e00f90",
    "https://deno.land/std@0.170.0/node/_stream.d.ts": "83e9da2f81de3205926f1e86ba54442aa5a3caf4c5e84a4c8699402ad340142b",
    "https://deno.land/std@0.170.0/node/_stream.mjs": "9a80217d9734f6e4284aae0ea55dd82b243f5517bc1814e983ad41b01732f712",
    "https://deno.land/std@0.170.0/node/_utils.ts": "1085a229e910b3a6672f3c3be05507591811dc67be2ae2188e9fc9ef4376b172",
    "https://deno.land/std@0.170.0/node/buffer.ts": "43f07b2d1523345bf35b7deb7fcdad6e916020a631a7bc1b5efcaff556db4e1d",
    "https://deno.land/std@0.170.0/node/events.ts": "f848398d3591534ca94ac6b852a9f3c4dbb2da310c3a26059cf4ff06b7eae088",
    "https://deno.land/std@0.170.0/node/internal/buffer.d.ts": "90f674081428a61978b6d481c5f557ff743a3f4a85d7ae113caab48fdf5b8a63",
    "https://deno.land/std@0.170.0/node/internal/buffer.mjs": "50320a6bcf770f03428e77e5ba46b19f69842539c6493b89c6515ba1b0def6ee",
    "https://deno.land/std@0.170.0/node/internal/crypto/_keys.ts": "63229ff3d8d15b5bd0a1d2ebc19313cbb8ac969875bf16df1ce4f2b497d74fb5",
    "https://deno.land/std@0.170.0/node/internal/crypto/constants.ts": "d2c8821977aef55e4d66414d623c24a2447791a8b49b6404b8db32d81e20c315",
    "https://deno.land/std@0.170.0/node/internal/error_codes.ts": "ac03c4eae33de3a69d6c98e8678003207eecf75a6900eb847e3fea3c8c9e6d8f",
    "https://deno.land/std@0.170.0/node/internal/errors.ts": "b9aec7d1fe3eaf21322d0ea9dc2fcb344055d6b0c7a1bd0f62a0c379a5baa799",
    "https://deno.land/std@0.170.0/node/internal/fixed_queue.ts": "455b3c484de48e810b13bdf95cd1658ecb1ba6bcb8b9315ffe994efcde3ba5f5",
    "https://deno.land/std@0.170.0/node/internal/hide_stack_frames.ts": "a91962ec84610bc7ec86022c4593cdf688156a5910c07b5bcd71994225c13a03",
    "https://deno.land/std@0.170.0/node/internal/net.ts": "1239886cd2508a68624c2dae8abf895e8aa3bb15a748955349f9ac5539032238",
    "https://deno.land/std@0.170.0/node/internal/normalize_encoding.mjs": "3779ec8a7adf5d963b0224f9b85d1bc974a2ec2db0e858396b5d3c2c92138a0a",
    "https://deno.land/std@0.170.0/node/internal/options.ts": "a23c285975e058cb26a19abcb048cd8b46ab12d21cfb028868ac8003fffb43ac",
    "https://deno.land/std@0.170.0/node/internal/primordials.mjs": "7cf5afe471583e4a384eeea109bdff276b6b7f3a3af830f99f951fb7d57ef423",
    "https://deno.land/std@0.170.0/node/internal/process/per_thread.mjs": "bc1be72a6a662bf81573c20fe74893374847a7302065ddf52fb3fb2af505f31f",
    "https://deno.land/std@0.170.0/node/internal/readline/callbacks.mjs": "17d9270a54fb5dceea8f894669e3401e5c6260bab075a1e9675a62f1fef50d8c",
    "https://deno.land/std@0.170.0/node/internal/readline/utils.mjs": "a93ebb99f85e0dbb4f05f4aff5583d12a15150e45c335e4ecf925e1879dc9c84",
    "https://deno.land/std@0.170.0/node/internal/streams/destroy.mjs": "9c9bbeb172a437041d529829f433df72cf0b63ae49f3ee6080a55ffbef7572ad",
    "https://deno.land/std@0.170.0/node/internal/streams/end-of-stream.mjs": "38be76eaceac231dfde643e72bc0940625446bf6d1dbd995c91c5ba9fd59b338",
    "https://deno.land/std@0.170.0/node/internal/streams/utils.mjs": "a0a6b93a7e68ef52bef4ed00b0c82bb7e335abf360af57335b07c6a3fcdde717",
    "https://deno.land/std@0.170.0/node/internal/util.mjs": "35d24fb775468cd24443bcf0ec68904b8aa44e5b53845491a5e3382421917f9a",
    "https://deno.land/std@0.170.0/node/internal/util/inspect.mjs": "1ddace0c97719d2cc0869ba177d375e96051301352ec235cbfb2ecbfcd4e8fba",
    "https://deno.land/std@0.170.0/node/internal/util/types.ts": "5b15a8051a6e58b6c1a424e0e7137b77b0ef60409d54d05db22a97e0d1d5b589",
    "https://deno.land/std@0.170.0/node/internal/validators.mjs": "67deae0f488d013c8bf485742a5478112b8e48837cb2458c4a8b2669cf7017db",
    "https://deno.land/std@0.170.0/node/internal_binding/_libuv_winerror.ts": "801e05c2742ae6cd42a5f0fd555a255a7308a65732551e962e5345f55eedc519",
    "https://deno.land/std@0.170.0/node/internal_binding/_listen.ts": "c15a356ef4758770fc72d3ca4db33f0cc321016df1aafb927c027c0d73ac2c42",
    "https://deno.land/std@0.170.0/node/internal_binding/_node.ts": "e4075ba8a37aef4eb5b592c8e3807c39cb49ca8653faf8e01a43421938076c1b",
    "https://deno.land/std@0.170.0/node/internal_binding/_timingSafeEqual.ts": "80640f055101071cb3680a2d8a1fead5fd260ca8bf183efb94296b69463e06cd",
    "https://deno.land/std@0.170.0/node/internal_binding/_utils.ts": "1c50883b5751a9ea1b38951e62ed63bacfdc9d69ea665292edfa28e1b1c5bd94",
    "https://deno.land/std@0.170.0/node/internal_binding/_winerror.ts": "8811d4be66f918c165370b619259c1f35e8c3e458b8539db64c704fbde0a7cd2",
    "https://deno.land/std@0.170.0/node/internal_binding/ares.ts": "33ff8275bc11751219af8bd149ea221c442d7e8676e3e9f20ccb0e1f0aac61b8",
    "https://deno.land/std@0.170.0/node/internal_binding/async_wrap.ts": "b83e4021a4854b2e13720f96d21edc11f9905251c64c1bc625a361f574400959",
    "https://deno.land/std@0.170.0/node/internal_binding/buffer.ts": "dfba9e1a50b637cfd72e569aa11959dcaf626b898ab7e851d21526a2bdaec588",
    "https://deno.land/std@0.170.0/node/internal_binding/cares_wrap.ts": "720e6d5cff7018bb3d00e1a49dd4c31f0fc6af3a593ab68cd39e3592ed163d61",
    "https://deno.land/std@0.170.0/node/internal_binding/config.ts": "e292217d048a33573966b7d25352828d3282921fbcadce8735a20fb3da370cc4",
    "https://deno.land/std@0.170.0/node/internal_binding/connection_wrap.ts": "9debd4210d29c658054476fcb640c900725f564ef35412c56dc79eb07213a7c1",
    "https://deno.land/std@0.170.0/node/internal_binding/constants.ts": "1ad4de9f76733320527c8bc841b5e4dd5869424924384157a72f3b171bd05b08",
    "https://deno.land/std@0.170.0/node/internal_binding/contextify.ts": "e292217d048a33573966b7d25352828d3282921fbcadce8735a20fb3da370cc4",
    "https://deno.land/std@0.170.0/node/internal_binding/credentials.ts": "e292217d048a33573966b7d25352828d3282921fbcadce8735a20fb3da370cc4",
    "https://deno.land/std@0.170.0/node/internal_binding/crypto.ts": "d7f39700dc020364edf7f4785e5026bb91f099ce1bd02734182451b1af300c8c",
    "https://deno.land/std@0.170.0/node/internal_binding/errors.ts": "e292217d048a33573966b7d25352828d3282921fbcadce8735a20fb3da370cc4",
    "https://deno.land/std@0.170.0/node/internal_binding/fs.ts": "e292217d048a33573966b7d25352828d3282921fbcadce8735a20fb3da370cc4",
    "https://deno.land/std@0.170.0/node/internal_binding/fs_dir.ts": "e292217d048a33573966b7d25352828d3282921fbcadce8735a20fb3da370cc4",
    "https://deno.land/std@0.170.0/node/internal_binding/fs_event_wrap.ts": "e292217d048a33573966b7d25352828d3282921fbcadce8735a20fb3da370cc4",
    "https://deno.land/std@0.170.0/node/internal_binding/handle_wrap.ts": "71c451060c9f555066d3ebe80de039a4e493a94b76c664450fbefd8f4167eb7e",
    "https://deno.land/std@0.170.0/node/internal_binding/heap_utils.ts": "e292217d048a33573966b7d25352828d3282921fbcadce8735a20fb3da370cc4",
    "https://deno.land/std@0.170.0/node/internal_binding/http_parser.ts": "e292217d048a33573966b7d25352828d3282921fbcadce8735a20fb3da370cc4",
    "https://deno.land/std@0.170.0/node/internal_binding/icu.ts": "e292217d048a33573966b7d25352828d3282921fbcadce8735a20fb3da370cc4",
    "https://deno.land/std@0.170.0/node/internal_binding/inspector.ts": "e292217d048a33573966b7d25352828d3282921fbcadce8735a20fb3da370cc4",
    "https://deno.land/std@0.170.0/node/internal_binding/js_stream.ts": "e292217d048a33573966b7d25352828d3282921fbcadce8735a20fb3da370cc4",
    "https://deno.land/std@0.170.0/node/internal_binding/messaging.ts": "e292217d048a33573966b7d25352828d3282921fbcadce8735a20fb3da370cc4",
    "https://deno.land/std@0.170.0/node/internal_binding/mod.ts": "f68e74e8eed84eaa6b0de24f0f4c47735ed46866d7ee1c5a5e7c0667b4f0540f",
    "https://deno.land/std@0.170.0/node/internal_binding/module_wrap.ts": "e292217d048a33573966b7d25352828d3282921fbcadce8735a20fb3da370cc4",
    "https://deno.land/std@0.170.0/node/internal_binding/native_module.ts": "e292217d048a33573966b7d25352828d3282921fbcadce8735a20fb3da370cc4",
    "https://deno.land/std@0.170.0/node/internal_binding/natives.ts": "e292217d048a33573966b7d25352828d3282921fbcadce8735a20fb3da370cc4",
    "https://deno.land/std@0.170.0/node/internal_binding/node_file.ts": "37d6864897547d95ca24e0f5d01035915db0065bff128bc22191bc93f9ad59ad",
    "https://deno.land/std@0.170.0/node/internal_binding/node_options.ts": "b098e6a1c80fa5003a1669c6828539167ab19337e13d20a47b610144cb888cef",
    "https://deno.land/std@0.170.0/node/internal_binding/options.ts": "e292217d048a33573966b7d25352828d3282921fbcadce8735a20fb3da370cc4",
    "https://deno.land/std@0.170.0/node/internal_binding/os.ts": "e292217d048a33573966b7d25352828d3282921fbcadce8735a20fb3da370cc4",
    "https://deno.land/std@0.170.0/node/internal_binding/performance.ts": "e292217d048a33573966b7d25352828d3282921fbcadce8735a20fb3da370cc4",
    "https://deno.land/std@0.170.0/node/internal_binding/pipe_wrap.ts": "105c73f268cb9ca1c6cebaf4bea089ab12e0c21c8c4e10bb0a14b0abd3e1661e",
    "https://deno.land/std@0.170.0/node/internal_binding/process_methods.ts": "e292217d048a33573966b7d25352828d3282921fbcadce8735a20fb3da370cc4",
    "https://deno.land/std@0.170.0/node/internal_binding/report.ts": "e292217d048a33573966b7d25352828d3282921fbcadce8735a20fb3da370cc4",
    "https://deno.land/std@0.170.0/node/internal_binding/serdes.ts": "e292217d048a33573966b7d25352828d3282921fbcadce8735a20fb3da370cc4",
    "https://deno.land/std@0.170.0/node/internal_binding/signal_wrap.ts": "e292217d048a33573966b7d25352828d3282921fbcadce8735a20fb3da370cc4",
    "https://deno.land/std@0.170.0/node/internal_binding/spawn_sync.ts": "e292217d048a33573966b7d25352828d3282921fbcadce8735a20fb3da370cc4",
    "https://deno.land/std@0.170.0/node/internal_binding/stream_wrap.ts": "64780dc713ee0a2dc36251a62fe533005f07f5996f2c7b61fd8b6fa277c25317",
    "https://deno.land/std@0.170.0/node/internal_binding/string_decoder.ts": "5cb1863763d1e9b458bc21d6f976f16d9c18b3b3f57eaf0ade120aee38fba227",
    "https://deno.land/std@0.170.0/node/internal_binding/symbols.ts": "51cfca9bb6132d42071d4e9e6b68a340a7f274041cfcba3ad02900886e972a6c",
    "https://deno.land/std@0.170.0/node/internal_binding/task_queue.ts": "e292217d048a33573966b7d25352828d3282921fbcadce8735a20fb3da370cc4",
    "https://deno.land/std@0.170.0/node/internal_binding/tcp_wrap.ts": "4217fa10072e048a26f26e5f548b3f38422452c9956265592cac57379a610acb",
    "https://deno.land/std@0.170.0/node/internal_binding/timers.ts": "e292217d048a33573966b7d25352828d3282921fbcadce8735a20fb3da370cc4",
    "https://deno.land/std@0.170.0/node/internal_binding/tls_wrap.ts": "e292217d048a33573966b7d25352828d3282921fbcadce8735a20fb3da370cc4",
    "https://deno.land/std@0.170.0/node/internal_binding/trace_events.ts": "e292217d048a33573966b7d25352828d3282921fbcadce8735a20fb3da370cc4",
    "https://deno.land/std@0.170.0/node/internal_binding/tty_wrap.ts": "e292217d048a33573966b7d25352828d3282921fbcadce8735a20fb3da370cc4",
    "https://deno.land/std@0.170.0/node/internal_binding/types.ts": "69000b1b92e0ca999c737f5add38827742b3ca3fe37a2389c80290de0ae6ef01",
    "https://deno.land/std@0.170.0/node/internal_binding/udp_wrap.ts": "cdd0882eff7e7db631d808608d20f5d1269b40fbcedd4a0972d6ed616a855c79",
    "https://deno.land/std@0.170.0/node/internal_binding/url.ts": "e292217d048a33573966b7d25352828d3282921fbcadce8735a20fb3da370cc4",
    "https://deno.land/std@0.170.0/node/internal_binding/util.ts": "faf5146c3cc3b2d6c26026a818b4a16e91488ab26e63c069f36ba3c3ae24c97b",
    "https://deno.land/std@0.170.0/node/internal_binding/uv.ts": "27922aaec43de314afd99dfca1ce8f4d51ced9f5195e4917b54d387766404f61",
    "https://deno.land/std@0.170.0/node/internal_binding/v8.ts": "e292217d048a33573966b7d25352828d3282921fbcadce8735a20fb3da370cc4",
    "https://deno.land/std@0.170.0/node/internal_binding/worker.ts": "e292217d048a33573966b7d25352828d3282921fbcadce8735a20fb3da370cc4",
    "https://deno.land/std@0.170.0/node/internal_binding/zlib.ts": "e292217d048a33573966b7d25352828d3282921fbcadce8735a20fb3da370cc4",
    "https://deno.land/std@0.170.0/node/process.ts": "160ad8df6496ab00ed6ed25589d504855382d2641a0c9c4c6e1c577f770862d5",
    "https://deno.land/std@0.170.0/node/stream.ts": "2c6d5d207d0ad295f396b34fd03a908c1638beb1754bc9c1fccd9a4cdcace8be",
    "https://deno.land/std@0.170.0/node/string_decoder.ts": "7b6aaf9f98934fa33f89d7183a03858c0d1961870725d4ba39aa7cc137a9e9a1",
    "https://deno.land/std@0.170.0/path/_constants.ts": "df1db3ffa6dd6d1252cc9617e5d72165cd2483df90e93833e13580687b6083c3",
    "https://deno.land/std@0.170.0/path/_interface.ts": "ee3b431a336b80cf445441109d089b70d87d5e248f4f90ff906820889ecf8d09",
    "https://deno.land/std@0.170.0/path/_util.ts": "d16be2a16e1204b65f9d0dfc54a9bc472cafe5f4a190b3c8471ec2016ccd1677",
    "https://deno.land/std@0.170.0/path/common.ts": "bee563630abd2d97f99d83c96c2fa0cca7cee103e8cb4e7699ec4d5db7bd2633",
    "https://deno.land/std@0.170.0/path/glob.ts": "81cc6c72be002cd546c7a22d1f263f82f63f37fe0035d9726aa96fc8f6e4afa1",
    "https://deno.land/std@0.170.0/path/mod.ts": "cf7cec7ac11b7048bb66af8ae03513e66595c279c65cfa12bfc07d9599608b78",
    "https://deno.land/std@0.170.0/path/posix.ts": "b859684bc4d80edfd4cad0a82371b50c716330bed51143d6dcdbe59e6278b30c",
    "https://deno.land/std@0.170.0/path/separator.ts": "fe1816cb765a8068afb3e8f13ad272351c85cbc739af56dacfc7d93d710fe0f9",
    "https://deno.land/std@0.170.0/path/win32.ts": "7cebd2bda6657371adc00061a1d23fdd87bcdf64b4843bb148b0b24c11b40f69",
    "https://deno.land/std@0.170.0/streams/write_all.ts": "7525aa90e34a2bb56d094403ad9c0e31e7db87a47cb556e6dc0404e6deca084c",
    "https://deno.land/std@0.172.0/http/http_status.ts": "8a7bcfe3ac025199ad804075385e57f63d055b2aed539d943ccc277616d6f932",
    "https://deno.land/x/denoflate@1.2.1/mod.ts": "f5628e44b80b3d80ed525afa2ba0f12408e3849db817d47a883b801f9ce69dd6",
    "https://deno.land/x/denoflate@1.2.1/pkg/denoflate.js": "b9f9ad9457d3f12f28b1fb35c555f57443427f74decb403113d67364e4f2caf4",
    "https://deno.land/x/denoflate@1.2.1/pkg/denoflate_bg.wasm.js": "d581956245407a2115a3d7e8d85a9641c032940a8e810acbd59ca86afd34d44d",
    "https://deno.land/x/esbuild@v0.15.10/mod.d.ts": "12e96a8d05c8e2c5638aa9cb09f24222134d437abb2f3f52de0156adb2270719",
    "https://deno.land/x/esbuild@v0.15.10/mod.js": "b6076f05f58057025ce0eddb404a4da3b7a0e3768c53f6c87959c8c32240e9cd",
    "https://deno.land/x/esbuild_deno_loader@0.6.0/deps.ts": "fe86f62cb954edc2580868cdc3292d4446f22cd2c4eedbf8ee26513fdf74e343",
    "https://deno.land/x/esbuild_deno_loader@0.6.0/mod.ts": "5d8a429b26c70f9fd522a8629e751f3bdf63680da473e537bc420d552ee3bf0b",
    "https://deno.land/x/esbuild_deno_loader@0.6.0/src/deno.ts": "0e83ccabbe2b004389288e38df2031b79eb347df2d139fce9394d8e88a11f259",
    "https://deno.land/x/esbuild_deno_loader@0.6.0/src/native_loader.ts": "343854a566cf510cf25144f7c09fc0c1097780a31830305142a075d12bb697ba",
    "https://deno.land/x/esbuild_deno_loader@0.6.0/src/portable_loader.ts": "35b6c526eed8c2c781a3256b23c30aa7cce69c0ef1d583c15528663287ba18a3",
    "https://deno.land/x/esbuild_deno_loader@0.6.0/src/shared.ts": "b64749cd8c0f6252a11498bd8758ef1220003e46b2c9b68e16da63fd7e92b13a",
    "https://deno.land/x/http_error@0.1.3/deps.ts": "59cf1082bfd89a0ac9228179df54f66cbf1abaccb57773b2db34e2b0dd838d61",
    "https://deno.land/x/http_error@0.1.3/mod.ts": "3f8516758470463ba64cd9fae78aca6d023fae4296383188f1caae53e50cc725",
    "https://deno.land/x/http_error@0.2.0/deps.ts": "f57a407345cabe6b759b9c678845ed4cbc0808d64df1f92b68dc5c5b308564fb",
    "https://deno.land/x/http_error@0.2.0/mod.ts": "b466f1fef9e744697c098b2b07de2a16fba7419c3177f46f1bb319fdc46e6439",
    "https://deno.land/x/http_error@0.3.0/deps.ts": "f57a407345cabe6b759b9c678845ed4cbc0808d64df1f92b68dc5c5b308564fb",
    "https://deno.land/x/http_error@0.3.0/mod.ts": "7b1a3d259b8bac965e0abfbd4418b11711456af005f8ecd4d3c308c344c9c4e1",
    "https://deno.land/x/importmap@0.2.1/_util.ts": "ada9a9618b537e6c0316c048a898352396c882b9f2de38aba18fd3f2950ede89",
    "https://deno.land/x/importmap@0.2.1/mod.ts": "ae3d1cd7eabd18c01a4960d57db471126b020f23b37ef14e1359bbb949227ade",
    "https://deno.land/x/oak@v11.1.0/application.ts": "0a728331822b8e27727ceec48a8499657c3163fc48fd379a8a9578a75f3cdb62",
    "https://deno.land/x/oak@v11.1.0/body.ts": "78402a4936accb80372c4944384658105604352d6783de7ff1e36b8832dd93c9",
    "https://deno.land/x/oak@v11.1.0/buf_reader.ts": "7cf96aa0ac670b75098113cf88a291a68332cc45efa8a9698f064ac5b8098a0f",
    "https://deno.land/x/oak@v11.1.0/content_disposition.ts": "8b8c3cb2fba7138cd5b7f82fc3b5ea39b33db924a824b28261659db7e164621e",
    "https://deno.land/x/oak@v11.1.0/context.ts": "014d1ce40e62a7901411425541b0d5a08018968a330595bd686f8d00222a35bb",
    "https://deno.land/x/oak@v11.1.0/cookies.ts": "d9f94b99f26c6169c6982ce12323c41a548d001bfc28f464264c22dc3dbf2181",
    "https://deno.land/x/oak@v11.1.0/deps.ts": "b897b0f2bec99cd8b402b279b7f21de955d98cbd72835b6c912be5e11c26148b",
    "https://deno.land/x/oak@v11.1.0/etag.ts": "19918f5e1964e3fe6c9fe524a88ffbf9900ce1dfe4146b187b2a86256bb6b663",
    "https://deno.land/x/oak@v11.1.0/headers.ts": "f50fb05614432bda971021633129aa2e8737e0844e0f01c27a937997b4d8dd4f",
    "https://deno.land/x/oak@v11.1.0/helpers.ts": "42212afa07a560b2958359cc19577417e89d9574d6579551a0af36ff7f00cc6e",
    "https://deno.land/x/oak@v11.1.0/http_request.ts": "0831c828816fcb58a5aa8361c6865c4151f4c8b59fabcef2e2cd235bb28170c5",
    "https://deno.land/x/oak@v11.1.0/http_server_flash.ts": "e312754acad26d3d70f243d657547e697921f67f0a2179dbec41a20a3228fd79",
    "https://deno.land/x/oak@v11.1.0/http_server_native.ts": "549dffcd2db5cbb0e44ad50cf9c54956b42a10450b1ac66e1362e32a073c8c1b",
    "https://deno.land/x/oak@v11.1.0/http_server_native_request.ts": "07910ea2ed51af6c4e69addf9015cdd8d2b5c9ee03fd4993e386834a129a9eb6",
    "https://deno.land/x/oak@v11.1.0/isMediaType.ts": "62d638abcf837ece3a8f07a4b7ca59794135cb0d4b73194c7d5837efd4161005",
    "https://deno.land/x/oak@v11.1.0/keyStack.ts": "fa0d5898fb8ba34de1c9cdcf4b2e8434952dc9931671858d33560368784a22ef",
    "https://deno.land/x/oak@v11.1.0/mediaTyper.ts": "042b853fc8e9c3f6c628dd389e03ef481552bf07242efc3f8a1af042102a6105",
    "https://deno.land/x/oak@v11.1.0/middleware.ts": "de14f045a2ddfe845d89b5d3140ff52cbcc6f3b3965391106ce04480f9786737",
    "https://deno.land/x/oak@v11.1.0/middleware/proxy.ts": "b927232f97ec18af4185d7912e45b1191e3ffe24a9c875262ad524211b1274c9",
    "https://deno.land/x/oak@v11.1.0/mod.ts": "de52855c8f626e30ba683fb265c0a0773ba2f5f117b3549b7d9c857edba58338",
    "https://deno.land/x/oak@v11.1.0/multipart.ts": "98fe9f226de8c26a16d067027b69fb1e34ad8c4055767dd157907d06cea36f9a",
    "https://deno.land/x/oak@v11.1.0/range.ts": "68a6df7ab3b868843e33f52deb94c3d4cab25cb9ef369691990c2ac15b04fafb",
    "https://deno.land/x/oak@v11.1.0/request.ts": "5852ad36389b48e0428a6f3c90854d01f10d1b15949b56001e1e75c2a00ef0f9",
    "https://deno.land/x/oak@v11.1.0/response.ts": "867d81f7eb0c65c7b8e0e0e9e145ededd5b6daa9ad922e6adc6a36a525f439a6",
    "https://deno.land/x/oak@v11.1.0/router.ts": "187522a549f6c179ff01d321882a8bfacbfb7f3e24b004ec4534a3613c7f9b0e",
    "https://deno.land/x/oak@v11.1.0/send.ts": "7ef2591792426d62add91536bb434566d4b224247ca343fdd63e486f9d4e9446",
    "https://deno.land/x/oak@v11.1.0/server_sent_event.ts": "948b0fe4cb3fe38c7db15e476eb3b7671ef20e566d130e9f701d7c0146aa47dd",
    "https://deno.land/x/oak@v11.1.0/structured_clone.ts": "ecf42598652b8082f37252cb873d6e257ad728e6fe73c6bd61f343d94501fbde",
    "https://deno.land/x/oak@v11.1.0/testing.ts": "7612656efd2975f7a2e6848609f5971922dbec46b76372c5c623202fdd7b9a85",
    "https://deno.land/x/oak@v11.1.0/types.d.ts": "41951a18c3bfdb11e40707cab75da078ba8a4907cd7d4e11d8536bc2db0dde05",
    "https://deno.land/x/oak@v11.1.0/util.ts": "3af8c4ed04c6cc2bedbe66e562a77fc59c72df31c55a902a63885861ca1639d6",
    "https://deno.land/x/path_to_regexp@v6.2.1/index.ts": "894060567837bae8fc9c5cbd4d0a05e9024672083d5883b525c031eea940e556",
    "https://esm.sh/react-dom@18.2.0/server?target=deno&pin=v102&deps=react@18.2.0": "6d8f8e1793f0837cba64417f935910da199a2d75f404661c87f32aa075cbc677",
    "https://esm.sh/react-error-boundary@3.1.4?target=deno&pin=v102&deps=react@18.2.0,react-dom@18.2.0": "81a2e1b9ef3e8c30b20552846e8f9e39db2be68e80edb13408911f738c050f55",
    "https://esm.sh/react-helmet-async@1.3.0?target=deno&pin=v102&deps=react@18.2.0,react-dom@18.2.0": "15f99eeff4e64a89b986ed25df274e6e84b6d16c58ac4dcfb29958374d01f509",
    "https://esm.sh/react-router-dom@6.6.1?target=deno&pin=v102&deps=react@18.2.0,react-dom@18.2.0": "04af42094efc3f34e8168782a72cbe934a96c325841ddda157d3bc5b5ff293f9",
    "https://esm.sh/react@18.2.0/jsx-runtime?target=deno&pin=v102": "8e5e22ae56773ef989a95772b9b9f6d4e5d7891f2d20875c25e51015df018f7c",
    "https://esm.sh/react@18.2.0?target=deno&pin=v102": "84aa07282d2f3c843f7d56daeae0be41ceae768391c4418f7358dd64e8fe4eca",
    "https://esm.sh/serialize-javascript@6.0.0?target=deno&pin=v102": "cd393c5397426bad098d29845e3b192373b9822e7a1fee6953c4bdd4f09d7044",
    "https://esm.sh/stable/react@18.2.0/deno/jsx-runtime.js": "4f0af3ce145cdcac00e75bea66889f321aa1d0c63714ae71986a6540f881fe04",
    "https://esm.sh/stable/react@18.2.0/deno/react.js": "0113c672572d23a90490f1b03731866a18bbbfe2ab4ff8e52c2e91b60c4188f0",
    "https://esm.sh/v102/@babel/runtime@7.20.7/X-ZC9yZWFjdC1kb21AMTguMi4wLHJlYWN0QDE4LjIuMA/deno/helpers/esm/inheritsLoose.js": "83139dbed36781d5ea2aa4c69295eb6a3865395cbd1d9172403ad3547f5c1c11",
    "https://esm.sh/v102/@remix-run/router@1.2.1/X-ZC9yZWFjdC1kb21AMTguMi4wLHJlYWN0QDE4LjIuMA/deno/router.js": "42e51ce33e9ee1ccd622ad4b3e4eadca29f526cd6b7f9641eeba681786ffe59a",
    "https://esm.sh/v102/@remix-run/router@1.2.1/X-ZC9yZWFjdC1kb21AMTguMi4wLHJlYWN0QDE4LjIuMA/dist/history.d.ts": "036b2bdb6931917cd8c03e4448d26d14b760035ff0cc636f582eedbac84cdb8c",
    "https://esm.sh/v102/@remix-run/router@1.2.1/X-ZC9yZWFjdC1kb21AMTguMi4wLHJlYWN0QDE4LjIuMA/dist/index.d.ts": "114a26463a271a23086eb06b3948896592e601fd7be628f14ce0dd2d6e3986b9",
    "https://esm.sh/v102/@remix-run/router@1.2.1/X-ZC9yZWFjdC1kb21AMTguMi4wLHJlYWN0QDE4LjIuMA/dist/router.d.ts": "3f4f94c9550ac5eeba4ef8640f4e627034df6fb1f414f17af3c8f8002c6a808f",
    "https://esm.sh/v102/@remix-run/router@1.2.1/X-ZC9yZWFjdC1kb21AMTguMi4wLHJlYWN0QDE4LjIuMA/dist/utils.d.ts": "ba1875e8ea5b6e51c89f2a54af93d3fab9c329edd4a640ef10a1f2bf6d0eb564",
    "https://esm.sh/v102/@types/prop-types@15.7.5/X-ZC9yZWFjdC1kb21AMTguMi4wLHJlYWN0QDE4LjIuMA/index.d.ts": "6a386ff939f180ae8ef064699d8b7b6e62bc2731a62d7fbf5e02589383838dea",
    "https://esm.sh/v102/@types/prop-types@15.7.5/index.d.ts": "6a386ff939f180ae8ef064699d8b7b6e62bc2731a62d7fbf5e02589383838dea",
    "https://esm.sh/v102/@types/react-dom@18.0.10/server~.d.ts": "b09086437b4d8cae915897737280138e41bf587f31c90e5b3833e6a78f20bcdf",
    "https://esm.sh/v102/@types/react@18.0.26/X-ZC9yZWFjdC1kb21AMTguMi4wLHJlYWN0QDE4LjIuMA/global.d.ts": "bbdf156fea2fabed31a569445835aeedcc33643d404fcbaa54541f06c109df3f",
    "https://esm.sh/v102/@types/react@18.0.26/X-ZC9yZWFjdC1kb21AMTguMi4wLHJlYWN0QDE4LjIuMA/index.d.ts": "e3bebde656e3f8897a10f7dc340ab2c966a557b0475fe467c464b01eda30ede4",
    "https://esm.sh/v102/@types/react@18.0.26/global.d.ts": "bbdf156fea2fabed31a569445835aeedcc33643d404fcbaa54541f06c109df3f",
    "https://esm.sh/v102/@types/react@18.0.26/index.d.ts": "106ed53fde6141e173fc1f1419e619b436b5d8078bb03fba7338d50f6e4c4ce4",
    "https://esm.sh/v102/@types/react@18.0.26/jsx-runtime~.d.ts": "7efb28f322f647d652575b99e1d9cda1af17e93bdf6f649cc5d0a8527fc75324",
    "https://esm.sh/v102/@types/scheduler@0.16.2/X-ZC9yZWFjdC1kb21AMTguMi4wLHJlYWN0QDE4LjIuMA/tracing.d.ts": "f5a8b384f182b3851cec3596ccc96cb7464f8d3469f48c74bf2befb782a19de5",
    "https://esm.sh/v102/@types/scheduler@0.16.2/tracing.d.ts": "f5a8b384f182b3851cec3596ccc96cb7464f8d3469f48c74bf2befb782a19de5",
    "https://esm.sh/v102/@types/serialize-javascript@5.0.2/index.d.ts": "b9afcdd9563bae8409d0ce97db6f60c1f8455dfab79fc8dc89d7b793ba8479a2",
    "https://esm.sh/v102/csstype@3.1.1/X-ZC9yZWFjdC1kb21AMTguMi4wLHJlYWN0QDE4LjIuMA/index.d.ts": "1c29793071152b207c01ea1954e343be9a44d85234447b2b236acae9e709a383",
    "https://esm.sh/v102/csstype@3.1.1/index.d.ts": "1c29793071152b207c01ea1954e343be9a44d85234447b2b236acae9e709a383",
    "https://esm.sh/v102/invariant@2.2.4/X-ZC9yZWFjdC1kb21AMTguMi4wLHJlYWN0QDE4LjIuMA/deno/invariant.js": "ba4d92fd4b47b0b87a5395f335642ae8e3b8929dd515513efbf5d435d39060ce",
    "https://esm.sh/v102/node_buffer.js": "445d389cb8c9f9fad5ff869ca2c2a863d178d410795ebd5f2f39d9a029156d56",
    "https://esm.sh/v102/prop-types@15.8.1/X-ZC9yZWFjdC1kb21AMTguMi4wLHJlYWN0QDE4LjIuMA/deno/prop-types.js": "780d5e86852e689138c654703094d97bff56837193455ee932356a2eff741420",
    "https://esm.sh/v102/randombytes@2.1.0/deno/randombytes.js": "10337e60a6329c3bc8a91d4520c0faa577378f3502aa30103b018d3221d352ef",
    "https://esm.sh/v102/react-dom@18.2.0/deno/server.js": "ba341a4e1e32f3f6403536e1e89d701b7a660e7010983f853158ed08adeab322",
    "https://esm.sh/v102/react-error-boundary@3.1.4/X-ZC9yZWFjdC1kb21AMTguMi4wLHJlYWN0QDE4LjIuMA/deno/react-error-boundary.js": "a9027aaec043e8baedf3c28190ac4d1b952171229438c8cc9f38c32a041176be",
    "https://esm.sh/v102/react-error-boundary@3.1.4/X-ZC9yZWFjdC1kb21AMTguMi4wLHJlYWN0QDE4LjIuMA/dist/index.d.ts": "2084eaf0ca6dd6fc6786b482c7b2f67121bc0dd0717dcd9a33b43bc372f1ce5d",
    "https://esm.sh/v102/react-fast-compare@3.2.0/X-ZC9yZWFjdC1kb21AMTguMi4wLHJlYWN0QDE4LjIuMA/deno/react-fast-compare.js": "224e1418fe421c05ffe02cee6d6ee327f5be4e320cddb89aee4a42bff7301fc1",
    "https://esm.sh/v102/react-helmet-async@1.3.0/X-ZC9yZWFjdC1kb21AMTguMi4wLHJlYWN0QDE4LjIuMA/deno/react-helmet-async.js": "c7f491769909594ea83be73d69a93293720435be03f9ef45b279d7462389a83b",
    "https://esm.sh/v102/react-helmet-async@1.3.0/X-ZC9yZWFjdC1kb21AMTguMi4wLHJlYWN0QDE4LjIuMA/index.d.ts": "34b214c625ab775091efa3cbefadd2e7e500407d3c58e81a12e137f2e3ca99d6",
    "https://esm.sh/v102/react-router-dom@6.6.1/X-ZC9yZWFjdC1kb21AMTguMi4wLHJlYWN0QDE4LjIuMA/deno/react-router-dom.js": "24d7901df7160ad4fa0c3f31c79e45347ecce5ae792a48d497c8185f56c23e9e",
    "https://esm.sh/v102/react-router-dom@6.6.1/X-ZC9yZWFjdC1kb21AMTguMi4wLHJlYWN0QDE4LjIuMA/dist/dom.d.ts": "26da559b52b0289f8a66d159d43b587435511fa7508a8dfb7b2fb50af8b88427",
    "https://esm.sh/v102/react-router-dom@6.6.1/X-ZC9yZWFjdC1kb21AMTguMi4wLHJlYWN0QDE4LjIuMA/dist/index.d.ts": "ac81ac3e816f2365dab947741bd3387d3e7ea13b77b224409bbea83319cc1257",
    "https://esm.sh/v102/react-router@6.6.1/X-ZC9yZWFjdC1kb21AMTguMi4wLHJlYWN0QDE4LjIuMA/deno/react-router.js": "e70029ad4cdf822e4cefbaecfa3d29350e37b836f2ca32232d2c534ff3d2893e",
    "https://esm.sh/v102/react-router@6.6.1/X-ZC9yZWFjdC1kb21AMTguMi4wLHJlYWN0QDE4LjIuMA/dist/index.d.ts": "3d9bb6ef7f88bddd445c069d31ee1c8d75dcd7aa461a825a1c0c029b6cc38647",
    "https://esm.sh/v102/react-router@6.6.1/X-ZC9yZWFjdC1kb21AMTguMi4wLHJlYWN0QDE4LjIuMA/dist/lib/components.d.ts": "32cc7241d07c9be555908d2210035e8959e8eada9c76583943ea5847d3b0ebf9",
    "https://esm.sh/v102/react-router@6.6.1/X-ZC9yZWFjdC1kb21AMTguMi4wLHJlYWN0QDE4LjIuMA/dist/lib/context.d.ts": "42b36323c581f46cf352b430b22ecacfb1e6887441d229f1467f5f7e6297538c",
    "https://esm.sh/v102/react-router@6.6.1/X-ZC9yZWFjdC1kb21AMTguMi4wLHJlYWN0QDE4LjIuMA/dist/lib/hooks.d.ts": "fa5a8bef929adb9583c6afad5279916c36375557a6f932dc1e39644fdeb9594c",
    "https://esm.sh/v102/safe-buffer@5.2.1/deno/safe-buffer.js": "849ce013c8c616d508c8f764c4c7e1be8120e62be1c4e7f8a4398e72df242100",
    "https://esm.sh/v102/serialize-javascript@6.0.0/deno/serialize-javascript.js": "37a29c106748d5fd95a4dfd679f68374d3527f0a9cded59fb98c90432e6a48c7",
    "https://esm.sh/v102/shallowequal@1.1.0/X-ZC9yZWFjdC1kb21AMTguMi4wLHJlYWN0QDE4LjIuMA/deno/shallowequal.js": "2fd497113da197317a531ea13e9f13aa64477462815a7c7399629111dbf9b244"
  }
}
